
Microsoft Visual Studio Solution File, Format Version 12.00
# Visual Studio Version 17
VisualStudioVersion = 17.3.32929.385
MinimumVisualStudioVersion = 10.0.40219.1
Project("{FAE04EC0-301F-11D3-BF4B-00C04F79EFBC}") = "Nedelea_Victoria_Lab1", "Nedelea_Victoria_Lab1.csproj", "{78719E9B-6A16-4E17-AE5C-5ECE68D1FD9B}"
EndProject
Global
	GlobalSection(SolutionConfigurationPlatforms) = preSolution
		Debug|Any CPU = Debug|Any CPU
		Release|Any CPU = Release|Any CPU
	EndGlobalSection
	GlobalSection(ProjectConfigurationPlatforms) = postSolution
		{78719E9B-6A16-4E17-AE5C-5ECE68D1FD9B}.Debug|Any CPU.ActiveCfg = Debug|Any CPU
		{78719E9B-6A16-4E17-AE5C-5ECE68D1FD9B}.Debug|Any CPU.Build.0 = Debug|Any CPU
		{78719E9B-6A16-4E17-AE5C-5ECE68D1FD9B}.Release|Any CPU.ActiveCfg = Release|Any CPU
		{78719E9B-6A16-4E17-AE5C-5ECE68D1FD9B}.Release|Any CPU.Build.0 = Release|Any CPU
	EndGlobalSection
	GlobalSection(SolutionProperties) = preSolution
		HideSolutionNode = FALSE
	EndGlobalSection
	GlobalSection(ExtensibilityGlobals) = postSolution
		SolutionGuid = {E151907F-07EA-45B5-8452-D45025B3E8E9}
	EndGlobalSection
EndGlobal
